<?xml version="1.0" encoding="utf-8"?>
<Project ToolsVersion="4.0" xmlns="http://schemas.microsoft.com/developer/msbuild/2003">
  <ItemGroup>
    <Filter Include="소스 파일">
      <UniqueIdentifier>{4FC737F1-C7A5-4376-A066-2A32D752A2FF}</UniqueIdentifier>
      <Extensions>cpp;c;cc;cxx;c++;def;odl;idl;hpj;bat;asm;asmx</Extensions>
    </Filter>
    <Filter Include="헤더 파일">
      <UniqueIdentifier>{93995380-89BD-4b04-88EB-625FBE52EBFB}</UniqueIdentifier>
      <Extensions>h;hh;hpp;hxx;h++;hm;inl;inc;ipp;xsd</Extensions>
    </Filter>
    <Filter Include="리소스 파일">
      <UniqueIdentifier>{67DA6AB6-F800-4c08-8B7A-83BB121AAD01}</UniqueIdentifier>
      <Extensions>rc;ico;cur;bmp;dlg;rc2;rct;bin;rgs;gif;jpg;jpeg;jpe;resx;tiff;tif;png;wav;mfcribbon-ms</Extensions>
    </Filter>
    <Filter Include="헤더 파일\opengl">
      <UniqueIdentifier>{a1e08609-1af2-4995-a50f-c2b37b6141dc}</UniqueIdentifier>
    </Filter>
    <Filter Include="소스 파일\opengl">
      <UniqueIdentifier>{694b5139-bb96-4201-8b3d-3448867e1618}</UniqueIdentifier>
    </Filter>
  </ItemGroup>
  <ItemGroup>
    <ClCompile Include="..\..\main.c">
      <Filter>소스 파일</Filter>
    </ClCompile>
    <ClCompile Include="..\..\opengl\system.c">
      <Filter>소스 파일\opengl</Filter>
    </ClCompile>
    <ClCompile Include="..\..\physics.c">
      <Filter>소스 파일</Filter>
    </ClCompile>
    <ClCompile Include="..\..\types.c">
      <Filter>소스 파일</Filter>
    </ClCompile>
    <ClCompile Include="..\..\opengl\callback_funcs.c">
      <Filter>소스 파일\opengl</Filter>
    </ClCompile>
    <ClCompile Include="..\..\opengl\graphics.c">
      <Filter>소스 파일\opengl</Filter>
    </ClCompile>
    <ClCompile Include="..\..\input.c">
      <Filter>소스 파일</Filter>
    </ClCompile>
    <ClCompile Include="..\..\object.c">
      <Filter>소스 파일</Filter>
    </ClCompile>
    <ClCompile Include="..\..\dynamic_array.c">
      <Filter>소스 파일</Filter>
    </ClCompile>
    <ClCompile Include="..\..\entity.c">
      <Filter>소스 파일</Filter>
    </ClCompile>
  </ItemGroup>
  <ItemGroup>
    <ClInclude Include="..\..\opengl\system.h">
      <Filter>헤더 파일\opengl</Filter>
    </ClInclude>
    <ClInclude Include="..\..\entity.h">
      <Filter>헤더 파일</Filter>
    </ClInclude>
    <ClInclude Include="..\..\physics.h">
      <Filter>헤더 파일</Filter>
    </ClInclude>
    <ClInclude Include="..\..\types.h">
      <Filter>헤더 파일</Filter>
    </ClInclude>
    <ClInclude Include="..\..\opengl\graphics.h">
      <Filter>헤더 파일\opengl</Filter>
    </ClInclude>
    <ClInclude Include="..\..\opengl\callback_funcs.h">
      <Filter>헤더 파일\opengl</Filter>
    </ClInclude>
    <ClInclude Include="..\..\input.h">
      <Filter>헤더 파일</Filter>
    </ClInclude>
    <ClInclude Include="..\..\user.h">
      <Filter>헤더 파일</Filter>
    </ClInclude>
    <ClInclude Include="..\..\dynamic_array.h">
      <Filter>헤더 파일</Filter>
    </ClInclude>
    <ClInclude Include="..\..\object.h">
      <Filter>헤더 파일</Filter>
    </ClInclude>
  </ItemGroup>
  <ItemGroup>
    <None Include="..\..\opengl\shader\vertex_shader.vs">
      <Filter>리소스 파일</Filter>
    </None>
    <None Include="..\..\opengl\shader\fragment_shader.fs">
      <Filter>리소스 파일</Filter>
    </None>
  </ItemGroup>
</Project>