<?xml version="1.0" encoding="utf-8"?>
<Project ToolsVersion="4.0" xmlns="http://schemas.microsoft.com/developer/msbuild/2003">
  <ItemGroup>
    <Filter Include="소스 파일">
      <UniqueIdentifier>{4FC737F1-C7A5-4376-A066-2A32D752A2FF}</UniqueIdentifier>
      <Extensions>cpp;c;cc;cxx;c++;def;odl;idl;hpj;bat;asm;asmx</Extensions>
    </Filter>
    <Filter Include="헤더 파일">
      <UniqueIdentifier>{93995380-89BD-4b04-88EB-625FBE52EBFB}</UniqueIdentifier>
      <Extensions>h;hh;hpp;hxx;h++;hm;inl;inc;ipp;xsd</Extensions>
    </Filter>
    <Filter Include="리소스 파일">
      <UniqueIdentifier>{67DA6AB6-F800-4c08-8B7A-83BB121AAD01}</UniqueIdentifier>
      <Extensions>rc;ico;cur;bmp;dlg;rc2;rct;bin;rgs;gif;jpg;jpeg;jpe;resx;tiff;tif;png;wav;mfcribbon-ms</Extensions>
    </Filter>
    <Filter Include="헤더 파일\opengl">
      <UniqueIdentifier>{a1e08609-1af2-4995-a50f-c2b37b6141dc}</UniqueIdentifier>
    </Filter>
    <Filter Include="소스 파일\opengl">
      <UniqueIdentifier>{694b5139-bb96-4201-8b3d-3448867e1618}</UniqueIdentifier>
    </Filter>
  </ItemGroup>
  <ItemGroup>
    <ClCompile Include="..\..\opengl\system.c">
      <Filter>소스 파일\opengl</Filter>
    </ClCompile>
    <ClCompile Include="..\..\physics.c">
      <Filter>소스 파일</Filter>
    </ClCompile>
    <ClCompile Include="..\..\opengl\graphics.c">
      <Filter>소스 파일\opengl</Filter>
    </ClCompile>
    <ClCompile Include="..\..\object.c">
      <Filter>소스 파일</Filter>
    </ClCompile>
    <ClCompile Include="..\..\dynamic_array.c">
      <Filter>소스 파일</Filter>
    </ClCompile>
    <ClCompile Include="..\..\entity.c">
      <Filter>소스 파일</Filter>
    </ClCompile>
    <ClCompile Include="..\..\memory.c">
      <Filter>소스 파일</Filter>
    </ClCompile>
    <ClCompile Include="..\..\main.c">
      <Filter>소스 파일</Filter>
    </ClCompile>
    <ClCompile Include="..\..\force.c">
      <Filter>소스 파일</Filter>
    </ClCompile>
    <ClCompile Include="..\..\opengl\shader.c">
      <Filter>소스 파일\opengl</Filter>
    </ClCompile>
    <ClCompile Include="..\..\opengl\texture.c">
      <Filter>소스 파일\opengl</Filter>
    </ClCompile>
    <ClCompile Include="..\..\opengl\callback.c">
      <Filter>소스 파일\opengl</Filter>
    </ClCompile>
    <ClCompile Include="..\..\user_control.c">
      <Filter>소스 파일</Filter>
    </ClCompile>
    <ClCompile Include="..\..\utility.c">
      <Filter>소스 파일</Filter>
    </ClCompile>
    <ClCompile Include="..\..\identify.c">
      <Filter>소스 파일</Filter>
    </ClCompile>
    <ClCompile Include="..\..\hash_table.c">
      <Filter>소스 파일</Filter>
    </ClCompile>
    <ClCompile Include="..\..\list.c">
      <Filter>소스 파일</Filter>
    </ClCompile>
    <ClCompile Include="..\..\vector2.c">
      <Filter>소스 파일</Filter>
    </ClCompile>
    <ClCompile Include="..\..\tree.c">
      <Filter>소스 파일</Filter>
    </ClCompile>
    <ClCompile Include="..\..\opengl\camera.c">
      <Filter>소스 파일\opengl</Filter>
    </ClCompile>
    <ClCompile Include="..\..\opengl\control.c">
      <Filter>소스 파일\opengl</Filter>
    </ClCompile>
    <ClCompile Include="..\..\opengl\buffer_obj.c">
      <Filter>소스 파일\opengl</Filter>
    </ClCompile>
  </ItemGroup>
  <ItemGroup>
    <ClInclude Include="..\..\opengl\system.h">
      <Filter>헤더 파일\opengl</Filter>
    </ClInclude>
    <ClInclude Include="..\..\entity.h">
      <Filter>헤더 파일</Filter>
    </ClInclude>
    <ClInclude Include="..\..\physics.h">
      <Filter>헤더 파일</Filter>
    </ClInclude>
    <ClInclude Include="..\..\opengl\graphics.h">
      <Filter>헤더 파일\opengl</Filter>
    </ClInclude>
    <ClInclude Include="..\..\dynamic_array.h">
      <Filter>헤더 파일</Filter>
    </ClInclude>
    <ClInclude Include="..\..\object.h">
      <Filter>헤더 파일</Filter>
    </ClInclude>
    <ClInclude Include="..\..\memory.h">
      <Filter>헤더 파일</Filter>
    </ClInclude>
    <ClInclude Include="..\..\force.h">
      <Filter>헤더 파일</Filter>
    </ClInclude>
    <ClInclude Include="..\..\identify.h">
      <Filter>헤더 파일</Filter>
    </ClInclude>
    <ClInclude Include="..\..\opengl\texture.h">
      <Filter>헤더 파일\opengl</Filter>
    </ClInclude>
    <ClInclude Include="..\..\opengl\callback.h">
      <Filter>헤더 파일\opengl</Filter>
    </ClInclude>
    <ClInclude Include="..\..\opengl\shader.h">
      <Filter>헤더 파일\opengl</Filter>
    </ClInclude>
    <ClInclude Include="..\..\user_control.h">
      <Filter>헤더 파일</Filter>
    </ClInclude>
    <ClInclude Include="..\..\utility.h">
      <Filter>헤더 파일</Filter>
    </ClInclude>
    <ClInclude Include="..\..\opengl\img_sprite.h">
      <Filter>헤더 파일\opengl</Filter>
    </ClInclude>
    <ClInclude Include="..\..\hash_table.h">
      <Filter>헤더 파일</Filter>
    </ClInclude>
    <ClInclude Include="..\..\list.h">
      <Filter>헤더 파일</Filter>
    </ClInclude>
    <ClInclude Include="..\..\vector2.h">
      <Filter>헤더 파일</Filter>
    </ClInclude>
    <ClInclude Include="..\..\types.h">
      <Filter>헤더 파일</Filter>
    </ClInclude>
    <ClInclude Include="..\..\tree.h">
      <Filter>헤더 파일</Filter>
    </ClInclude>
    <ClInclude Include="..\..\opengl\camera.h">
      <Filter>헤더 파일\opengl</Filter>
    </ClInclude>
    <ClInclude Include="..\..\opengl\control.h">
      <Filter>헤더 파일\opengl</Filter>
    </ClInclude>
    <ClInclude Include="..\..\opengl\buffer_obj.h">
      <Filter>헤더 파일\opengl</Filter>
    </ClInclude>
  </ItemGroup>
  <ItemGroup>
    <None Include="..\..\opengl\shader\TextureFragmentShader.fs">
      <Filter>리소스 파일</Filter>
    </None>
    <None Include="..\..\opengl\shader\TransformVertexShader.vs">
      <Filter>리소스 파일</Filter>
    </None>
  </ItemGroup>
</Project>